{
  "originHash" : "4267319aeb31158dee03f946210ea7f3576f69ff750947e863aba9de0d587883",
  "pins" : [
    {
      "identity" : "apiservice",
      "kind" : "remoteSourceControl",
      "location" : "git@github.com:alejandroivan/APIService.git",
      "state" : {
        "revision" : "5f9595a2ae13ea613874e08663ad9ad356cede02",
        "version" : "0.3.5"
      }
    }
  ],
  "version" : 3
}
